{
  "originHash" : "d280c63b584c10e8cfa7f1361371b0ae812da1723433300298e26f11aa884149",
  "pins" : [
    {
      "identity" : "asyncimagecache",
      "kind" : "remoteSourceControl",
      "location" : "https://github.com/abra-code/AsyncImageCache",
      "state" : {
        "revision" : "cb3655e4ef60c7b24a74a95a789d9b79c37e600c",
        "version" : "0.1.0"
      }
    }
  ],
  "version" : 3
}
